
Microsoft Visual Studio Solution File, Format Version 12.00
# Visual Studio Version 17
VisualStudioVersion = 17.5.33516.290
MinimumVisualStudioVersion = 10.0.40219.1
Project("{FAE04EC0-301F-11D3-BF4B-00C04F79EFBC}") = "Entidades", "Entidades\Entidades.csproj", "{601E0F2D-92EE-4B53-A64E-29F21248E436}"
EndProject
Project("{FAE04EC0-301F-11D3-BF4B-00C04F79EFBC}") = "Forms", "Forms\Forms.csproj", "{6E3A8943-9416-431B-B6E4-0EFA6A8514AA}"
EndProject
Global
	GlobalSection(SolutionConfigurationPlatforms) = preSolution
		Debug|Any CPU = Debug|Any CPU
		Release|Any CPU = Release|Any CPU
	EndGlobalSection
	GlobalSection(ProjectConfigurationPlatforms) = postSolution
		{601E0F2D-92EE-4B53-A64E-29F21248E436}.Debug|Any CPU.ActiveCfg = Debug|Any CPU
		{601E0F2D-92EE-4B53-A64E-29F21248E436}.Debug|Any CPU.Build.0 = Debug|Any CPU
		{601E0F2D-92EE-4B53-A64E-29F21248E436}.Release|Any CPU.ActiveCfg = Release|Any CPU
		{601E0F2D-92EE-4B53-A64E-29F21248E436}.Release|Any CPU.Build.0 = Release|Any CPU
		{6E3A8943-9416-431B-B6E4-0EFA6A8514AA}.Debug|Any CPU.ActiveCfg = Debug|Any CPU
		{6E3A8943-9416-431B-B6E4-0EFA6A8514AA}.Debug|Any CPU.Build.0 = Debug|Any CPU
		{6E3A8943-9416-431B-B6E4-0EFA6A8514AA}.Release|Any CPU.ActiveCfg = Release|Any CPU
		{6E3A8943-9416-431B-B6E4-0EFA6A8514AA}.Release|Any CPU.Build.0 = Release|Any CPU
	EndGlobalSection
	GlobalSection(SolutionProperties) = preSolution
		HideSolutionNode = FALSE
	EndGlobalSection
	GlobalSection(ExtensibilityGlobals) = postSolution
		SolutionGuid = {5EB81717-8D08-4EA5-8402-15691C931998}
	EndGlobalSection
EndGlobal
