
Microsoft Visual Studio Solution File, Format Version 12.00
# Visual Studio Version 17
VisualStudioVersion = 17.5.33516.290
MinimumVisualStudioVersion = 10.0.40219.1
Project("{9A19103F-16F7-4668-BE54-9A1E7A4F7556}") = "Vista", "Vista\Vista.csproj", "{96995140-9178-41D3-B713-0BFEE1EA1755}"
EndProject
Project("{FAE04EC0-301F-11D3-BF4B-00C04F79EFBC}") = "Biblioteca", "Biblioteca\Biblioteca.csproj", "{C83133AA-88E3-40E7-BA68-5394837327C6}"
EndProject
Global
	GlobalSection(SolutionConfigurationPlatforms) = preSolution
		Debug|Any CPU = Debug|Any CPU
		Release|Any CPU = Release|Any CPU
	EndGlobalSection
	GlobalSection(ProjectConfigurationPlatforms) = postSolution
		{96995140-9178-41D3-B713-0BFEE1EA1755}.Debug|Any CPU.ActiveCfg = Debug|Any CPU
		{96995140-9178-41D3-B713-0BFEE1EA1755}.Debug|Any CPU.Build.0 = Debug|Any CPU
		{96995140-9178-41D3-B713-0BFEE1EA1755}.Release|Any CPU.ActiveCfg = Release|Any CPU
		{96995140-9178-41D3-B713-0BFEE1EA1755}.Release|Any CPU.Build.0 = Release|Any CPU
		{C83133AA-88E3-40E7-BA68-5394837327C6}.Debug|Any CPU.ActiveCfg = Debug|Any CPU
		{C83133AA-88E3-40E7-BA68-5394837327C6}.Debug|Any CPU.Build.0 = Debug|Any CPU
		{C83133AA-88E3-40E7-BA68-5394837327C6}.Release|Any CPU.ActiveCfg = Release|Any CPU
		{C83133AA-88E3-40E7-BA68-5394837327C6}.Release|Any CPU.Build.0 = Release|Any CPU
	EndGlobalSection
	GlobalSection(SolutionProperties) = preSolution
		HideSolutionNode = FALSE
	EndGlobalSection
	GlobalSection(ExtensibilityGlobals) = postSolution
		SolutionGuid = {E2B29D73-D13C-446E-AAF6-A0A9E4D3DAF7}
	EndGlobalSection
EndGlobal
