
Microsoft Visual Studio Solution File, Format Version 12.00
# Visual Studio Version 17
VisualStudioVersion = 17.5.33516.290
MinimumVisualStudioVersion = 10.0.40219.1
Project("{FAE04EC0-301F-11D3-BF4B-00C04F79EFBC}") = "PaqueteTest", "PaqueteTest\PaqueteTest.csproj", "{1CB82FD3-2815-4631-8450-369E1EE22D02}"
EndProject
Project("{FAE04EC0-301F-11D3-BF4B-00C04F79EFBC}") = "Biblioteca", "Biblioteca\Biblioteca.csproj", "{F908A27A-C038-492F-AB8C-4555B9BB401F}"
EndProject
Project("{FAE04EC0-301F-11D3-BF4B-00C04F79EFBC}") = "Consola", "Consola\Consola.csproj", "{9C42737F-EF43-483D-A56E-63872D21F631}"
EndProject
Global
	GlobalSection(SolutionConfigurationPlatforms) = preSolution
		Debug|Any CPU = Debug|Any CPU
		Release|Any CPU = Release|Any CPU
	EndGlobalSection
	GlobalSection(ProjectConfigurationPlatforms) = postSolution
		{1CB82FD3-2815-4631-8450-369E1EE22D02}.Debug|Any CPU.ActiveCfg = Debug|Any CPU
		{1CB82FD3-2815-4631-8450-369E1EE22D02}.Debug|Any CPU.Build.0 = Debug|Any CPU
		{1CB82FD3-2815-4631-8450-369E1EE22D02}.Release|Any CPU.ActiveCfg = Release|Any CPU
		{1CB82FD3-2815-4631-8450-369E1EE22D02}.Release|Any CPU.Build.0 = Release|Any CPU
		{F908A27A-C038-492F-AB8C-4555B9BB401F}.Debug|Any CPU.ActiveCfg = Debug|Any CPU
		{F908A27A-C038-492F-AB8C-4555B9BB401F}.Debug|Any CPU.Build.0 = Debug|Any CPU
		{F908A27A-C038-492F-AB8C-4555B9BB401F}.Release|Any CPU.ActiveCfg = Release|Any CPU
		{F908A27A-C038-492F-AB8C-4555B9BB401F}.Release|Any CPU.Build.0 = Release|Any CPU
		{9C42737F-EF43-483D-A56E-63872D21F631}.Debug|Any CPU.ActiveCfg = Debug|Any CPU
		{9C42737F-EF43-483D-A56E-63872D21F631}.Debug|Any CPU.Build.0 = Debug|Any CPU
		{9C42737F-EF43-483D-A56E-63872D21F631}.Release|Any CPU.ActiveCfg = Release|Any CPU
		{9C42737F-EF43-483D-A56E-63872D21F631}.Release|Any CPU.Build.0 = Release|Any CPU
	EndGlobalSection
	GlobalSection(SolutionProperties) = preSolution
		HideSolutionNode = FALSE
	EndGlobalSection
	GlobalSection(ExtensibilityGlobals) = postSolution
		SolutionGuid = {69A978EA-46C3-482D-923B-0B60A9732EA2}
	EndGlobalSection
EndGlobal
