
Microsoft Visual Studio Solution File, Format Version 12.00
# Visual Studio Version 17
VisualStudioVersion = 17.5.33516.290
MinimumVisualStudioVersion = 10.0.40219.1
Project("{FAE04EC0-301F-11D3-BF4B-00C04F79EFBC}") = "Biblioteca", "Biblioteca\Biblioteca.csproj", "{23C1A126-EAA1-48E7-81B4-E5E82990F555}"
EndProject
Project("{FAE04EC0-301F-11D3-BF4B-00C04F79EFBC}") = "Forms", "Forms\Forms.csproj", "{1F48570E-BAAC-4D55-BEF2-533BF3B1E545}"
EndProject
Global
	GlobalSection(SolutionConfigurationPlatforms) = preSolution
		Debug|Any CPU = Debug|Any CPU
		Release|Any CPU = Release|Any CPU
	EndGlobalSection
	GlobalSection(ProjectConfigurationPlatforms) = postSolution
		{23C1A126-EAA1-48E7-81B4-E5E82990F555}.Debug|Any CPU.ActiveCfg = Debug|Any CPU
		{23C1A126-EAA1-48E7-81B4-E5E82990F555}.Debug|Any CPU.Build.0 = Debug|Any CPU
		{23C1A126-EAA1-48E7-81B4-E5E82990F555}.Release|Any CPU.ActiveCfg = Release|Any CPU
		{23C1A126-EAA1-48E7-81B4-E5E82990F555}.Release|Any CPU.Build.0 = Release|Any CPU
		{1F48570E-BAAC-4D55-BEF2-533BF3B1E545}.Debug|Any CPU.ActiveCfg = Debug|Any CPU
		{1F48570E-BAAC-4D55-BEF2-533BF3B1E545}.Debug|Any CPU.Build.0 = Debug|Any CPU
		{1F48570E-BAAC-4D55-BEF2-533BF3B1E545}.Release|Any CPU.ActiveCfg = Release|Any CPU
		{1F48570E-BAAC-4D55-BEF2-533BF3B1E545}.Release|Any CPU.Build.0 = Release|Any CPU
	EndGlobalSection
	GlobalSection(SolutionProperties) = preSolution
		HideSolutionNode = FALSE
	EndGlobalSection
	GlobalSection(ExtensibilityGlobals) = postSolution
		SolutionGuid = {76F39990-9075-4C28-B311-1FE3B361B23B}
	EndGlobalSection
EndGlobal
