
Microsoft Visual Studio Solution File, Format Version 12.00
# Visual Studio Version 17
VisualStudioVersion = 17.5.33516.290
MinimumVisualStudioVersion = 10.0.40219.1
Project("{9A19103F-16F7-4668-BE54-9A1E7A4F7556}") = "Vista", "Vista\Vista.csproj", "{2B832960-DE4C-45B7-B075-79F84221ACAE}"
EndProject
Project("{FAE04EC0-301F-11D3-BF4B-00C04F79EFBC}") = "Biblioteca", "Biblioteca\Biblioteca.csproj", "{99CA6220-B51F-40D5-B2FC-5CFE5E79042E}"
EndProject
Global
	GlobalSection(SolutionConfigurationPlatforms) = preSolution
		Debug|Any CPU = Debug|Any CPU
		Release|Any CPU = Release|Any CPU
	EndGlobalSection
	GlobalSection(ProjectConfigurationPlatforms) = postSolution
		{2B832960-DE4C-45B7-B075-79F84221ACAE}.Debug|Any CPU.ActiveCfg = Debug|Any CPU
		{2B832960-DE4C-45B7-B075-79F84221ACAE}.Debug|Any CPU.Build.0 = Debug|Any CPU
		{2B832960-DE4C-45B7-B075-79F84221ACAE}.Release|Any CPU.ActiveCfg = Release|Any CPU
		{2B832960-DE4C-45B7-B075-79F84221ACAE}.Release|Any CPU.Build.0 = Release|Any CPU
		{99CA6220-B51F-40D5-B2FC-5CFE5E79042E}.Debug|Any CPU.ActiveCfg = Debug|Any CPU
		{99CA6220-B51F-40D5-B2FC-5CFE5E79042E}.Debug|Any CPU.Build.0 = Debug|Any CPU
		{99CA6220-B51F-40D5-B2FC-5CFE5E79042E}.Release|Any CPU.ActiveCfg = Release|Any CPU
		{99CA6220-B51F-40D5-B2FC-5CFE5E79042E}.Release|Any CPU.Build.0 = Release|Any CPU
	EndGlobalSection
	GlobalSection(SolutionProperties) = preSolution
		HideSolutionNode = FALSE
	EndGlobalSection
	GlobalSection(ExtensibilityGlobals) = postSolution
		SolutionGuid = {74BE02DD-3077-4206-A6CE-EEA14012879E}
	EndGlobalSection
EndGlobal
