
Microsoft Visual Studio Solution File, Format Version 12.00
# Visual Studio Version 17
VisualStudioVersion = 17.5.33516.290
MinimumVisualStudioVersion = 10.0.40219.1
Project("{FAE04EC0-301F-11D3-BF4B-00C04F79EFBC}") = "El viajar es un placer", "El viajar es un placer\El viajar es un placer.csproj", "{38C09579-D124-428C-95B1-7C55D8B63BCC}"
EndProject
Project("{FAE04EC0-301F-11D3-BF4B-00C04F79EFBC}") = "Entidades", "Entidades\Entidades.csproj", "{7AA599C4-353B-4F68-9191-4CDD0B4D54DC}"
EndProject
Global
	GlobalSection(SolutionConfigurationPlatforms) = preSolution
		Debug|Any CPU = Debug|Any CPU
		Release|Any CPU = Release|Any CPU
	EndGlobalSection
	GlobalSection(ProjectConfigurationPlatforms) = postSolution
		{38C09579-D124-428C-95B1-7C55D8B63BCC}.Debug|Any CPU.ActiveCfg = Debug|Any CPU
		{38C09579-D124-428C-95B1-7C55D8B63BCC}.Debug|Any CPU.Build.0 = Debug|Any CPU
		{38C09579-D124-428C-95B1-7C55D8B63BCC}.Release|Any CPU.ActiveCfg = Release|Any CPU
		{38C09579-D124-428C-95B1-7C55D8B63BCC}.Release|Any CPU.Build.0 = Release|Any CPU
		{7AA599C4-353B-4F68-9191-4CDD0B4D54DC}.Debug|Any CPU.ActiveCfg = Debug|Any CPU
		{7AA599C4-353B-4F68-9191-4CDD0B4D54DC}.Debug|Any CPU.Build.0 = Debug|Any CPU
		{7AA599C4-353B-4F68-9191-4CDD0B4D54DC}.Release|Any CPU.ActiveCfg = Release|Any CPU
		{7AA599C4-353B-4F68-9191-4CDD0B4D54DC}.Release|Any CPU.Build.0 = Release|Any CPU
	EndGlobalSection
	GlobalSection(SolutionProperties) = preSolution
		HideSolutionNode = FALSE
	EndGlobalSection
	GlobalSection(ExtensibilityGlobals) = postSolution
		SolutionGuid = {CC3BE79C-ED9D-413F-B6D0-1A2ADE414136}
	EndGlobalSection
EndGlobal
