
Microsoft Visual Studio Solution File, Format Version 12.00
# Visual Studio Version 17
VisualStudioVersion = 17.5.33516.290
MinimumVisualStudioVersion = 10.0.40219.1
Project("{9A19103F-16F7-4668-BE54-9A1E7A4F7556}") = "ConsolaCarrera", "ConsolaCarrera\ConsolaCarrera.csproj", "{89C03028-7642-4EF6-8B6F-04A9CD7B63C2}"
EndProject
Project("{9A19103F-16F7-4668-BE54-9A1E7A4F7556}") = "Entidades", "Entidades\Entidades.csproj", "{73928306-249A-42BB-934E-95F74C781593}"
EndProject
Project("{FAE04EC0-301F-11D3-BF4B-00C04F79EFBC}") = "Tests", "Tests\Tests.csproj", "{A047F0EF-8F81-4EE5-9616-C1201B2E3A53}"
EndProject
Global
	GlobalSection(SolutionConfigurationPlatforms) = preSolution
		Debug|Any CPU = Debug|Any CPU
		Release|Any CPU = Release|Any CPU
	EndGlobalSection
	GlobalSection(ProjectConfigurationPlatforms) = postSolution
		{89C03028-7642-4EF6-8B6F-04A9CD7B63C2}.Debug|Any CPU.ActiveCfg = Debug|Any CPU
		{89C03028-7642-4EF6-8B6F-04A9CD7B63C2}.Debug|Any CPU.Build.0 = Debug|Any CPU
		{89C03028-7642-4EF6-8B6F-04A9CD7B63C2}.Release|Any CPU.ActiveCfg = Release|Any CPU
		{89C03028-7642-4EF6-8B6F-04A9CD7B63C2}.Release|Any CPU.Build.0 = Release|Any CPU
		{73928306-249A-42BB-934E-95F74C781593}.Debug|Any CPU.ActiveCfg = Debug|Any CPU
		{73928306-249A-42BB-934E-95F74C781593}.Debug|Any CPU.Build.0 = Debug|Any CPU
		{73928306-249A-42BB-934E-95F74C781593}.Release|Any CPU.ActiveCfg = Release|Any CPU
		{73928306-249A-42BB-934E-95F74C781593}.Release|Any CPU.Build.0 = Release|Any CPU
		{A047F0EF-8F81-4EE5-9616-C1201B2E3A53}.Debug|Any CPU.ActiveCfg = Debug|Any CPU
		{A047F0EF-8F81-4EE5-9616-C1201B2E3A53}.Debug|Any CPU.Build.0 = Debug|Any CPU
		{A047F0EF-8F81-4EE5-9616-C1201B2E3A53}.Release|Any CPU.ActiveCfg = Release|Any CPU
		{A047F0EF-8F81-4EE5-9616-C1201B2E3A53}.Release|Any CPU.Build.0 = Release|Any CPU
	EndGlobalSection
	GlobalSection(SolutionProperties) = preSolution
		HideSolutionNode = FALSE
	EndGlobalSection
	GlobalSection(ExtensibilityGlobals) = postSolution
		SolutionGuid = {1DC7B0FC-63CD-4CF3-9C99-DDC48C561121}
	EndGlobalSection
EndGlobal
