
Microsoft Visual Studio Solution File, Format Version 12.00
# Visual Studio Version 17
VisualStudioVersion = 17.5.33516.290
MinimumVisualStudioVersion = 10.0.40219.1
Project("{9A19103F-16F7-4668-BE54-9A1E7A4F7556}") = "Sobrescribiendo", "Sobrescribiendo\Sobrescribiendo.csproj", "{D1F7AAA4-311A-45EF-8A29-5ADEEC5EBD21}"
EndProject
Project("{FAE04EC0-301F-11D3-BF4B-00C04F79EFBC}") = "Entidades", "Entidades\Entidades.csproj", "{BBB010D9-BE61-4C14-82FB-68365918797E}"
EndProject
Project("{FAE04EC0-301F-11D3-BF4B-00C04F79EFBC}") = "Calculadora de formas", "Calculadora de formas\Calculadora de formas.csproj", "{29D5773F-5393-4E2B-BF38-AA8E89E1AC29}"
EndProject
Global
	GlobalSection(SolutionConfigurationPlatforms) = preSolution
		Debug|Any CPU = Debug|Any CPU
		Release|Any CPU = Release|Any CPU
	EndGlobalSection
	GlobalSection(ProjectConfigurationPlatforms) = postSolution
		{D1F7AAA4-311A-45EF-8A29-5ADEEC5EBD21}.Debug|Any CPU.ActiveCfg = Debug|Any CPU
		{D1F7AAA4-311A-45EF-8A29-5ADEEC5EBD21}.Debug|Any CPU.Build.0 = Debug|Any CPU
		{D1F7AAA4-311A-45EF-8A29-5ADEEC5EBD21}.Release|Any CPU.ActiveCfg = Release|Any CPU
		{D1F7AAA4-311A-45EF-8A29-5ADEEC5EBD21}.Release|Any CPU.Build.0 = Release|Any CPU
		{BBB010D9-BE61-4C14-82FB-68365918797E}.Debug|Any CPU.ActiveCfg = Debug|Any CPU
		{BBB010D9-BE61-4C14-82FB-68365918797E}.Debug|Any CPU.Build.0 = Debug|Any CPU
		{BBB010D9-BE61-4C14-82FB-68365918797E}.Release|Any CPU.ActiveCfg = Release|Any CPU
		{BBB010D9-BE61-4C14-82FB-68365918797E}.Release|Any CPU.Build.0 = Release|Any CPU
		{29D5773F-5393-4E2B-BF38-AA8E89E1AC29}.Debug|Any CPU.ActiveCfg = Debug|Any CPU
		{29D5773F-5393-4E2B-BF38-AA8E89E1AC29}.Debug|Any CPU.Build.0 = Debug|Any CPU
		{29D5773F-5393-4E2B-BF38-AA8E89E1AC29}.Release|Any CPU.ActiveCfg = Release|Any CPU
		{29D5773F-5393-4E2B-BF38-AA8E89E1AC29}.Release|Any CPU.Build.0 = Release|Any CPU
	EndGlobalSection
	GlobalSection(SolutionProperties) = preSolution
		HideSolutionNode = FALSE
	EndGlobalSection
	GlobalSection(ExtensibilityGlobals) = postSolution
		SolutionGuid = {25CDF570-2762-4304-8583-33A586C78048}
	EndGlobalSection
EndGlobal
