
Microsoft Visual Studio Solution File, Format Version 12.00
# Visual Studio Version 17
VisualStudioVersion = 17.5.33516.290
MinimumVisualStudioVersion = 10.0.40219.1
Project("{9A19103F-16F7-4668-BE54-9A1E7A4F7556}") = "Consola", "Consola\Consola.csproj", "{178EC6B7-9ACB-4C72-A458-9CD71D04DCB1}"
EndProject
Project("{FAE04EC0-301F-11D3-BF4B-00C04F79EFBC}") = "Entidades", "Entidades\Entidades.csproj", "{27628EFA-B088-44A2-81A1-748BA341EE29}"
EndProject
Global
	GlobalSection(SolutionConfigurationPlatforms) = preSolution
		Debug|Any CPU = Debug|Any CPU
		Release|Any CPU = Release|Any CPU
	EndGlobalSection
	GlobalSection(ProjectConfigurationPlatforms) = postSolution
		{178EC6B7-9ACB-4C72-A458-9CD71D04DCB1}.Debug|Any CPU.ActiveCfg = Debug|Any CPU
		{178EC6B7-9ACB-4C72-A458-9CD71D04DCB1}.Debug|Any CPU.Build.0 = Debug|Any CPU
		{178EC6B7-9ACB-4C72-A458-9CD71D04DCB1}.Release|Any CPU.ActiveCfg = Release|Any CPU
		{178EC6B7-9ACB-4C72-A458-9CD71D04DCB1}.Release|Any CPU.Build.0 = Release|Any CPU
		{27628EFA-B088-44A2-81A1-748BA341EE29}.Debug|Any CPU.ActiveCfg = Debug|Any CPU
		{27628EFA-B088-44A2-81A1-748BA341EE29}.Debug|Any CPU.Build.0 = Debug|Any CPU
		{27628EFA-B088-44A2-81A1-748BA341EE29}.Release|Any CPU.ActiveCfg = Release|Any CPU
		{27628EFA-B088-44A2-81A1-748BA341EE29}.Release|Any CPU.Build.0 = Release|Any CPU
	EndGlobalSection
	GlobalSection(SolutionProperties) = preSolution
		HideSolutionNode = FALSE
	EndGlobalSection
	GlobalSection(ExtensibilityGlobals) = postSolution
		SolutionGuid = {EAF2987A-5B86-403A-9FD7-BEFD977782CA}
	EndGlobalSection
EndGlobal
